
Microsoft Visual Studio Solution File, Format Version 12.00
# Visual Studio Version 16
VisualStudioVersion = 25.0.1705.0
MinimumVisualStudioVersion = 10.0.40219.1
Project("{FAE04EC0-301F-11D3-BF4B-00C04F79EFBC}") = "Ejercicio2", "Ejercicio2\Ejercicio2.csproj", "{9425AC34-29AF-4042-B34F-781DE53A58DF}"
EndProject
Project("{2150E333-8FDC-42A3-9474-1A3956D46DE8}") = "Elementos de la solución", "Elementos de la solución", "{93AB7998-BA53-4487-A009-E07AC265DAF2}"
	ProjectSection(SolutionItems) = preProject
		.editorconfig = .editorconfig
	EndProjectSection
EndProject
Global
	GlobalSection(SolutionConfigurationPlatforms) = preSolution
		Debug|Any CPU = Debug|Any CPU
		Release|Any CPU = Release|Any CPU
	EndGlobalSection
	GlobalSection(ProjectConfigurationPlatforms) = postSolution
		{9425AC34-29AF-4042-B34F-781DE53A58DF}.Debug|Any CPU.ActiveCfg = Debug|Any CPU
		{9425AC34-29AF-4042-B34F-781DE53A58DF}.Debug|Any CPU.Build.0 = Debug|Any CPU
		{9425AC34-29AF-4042-B34F-781DE53A58DF}.Release|Any CPU.ActiveCfg = Release|Any CPU
		{9425AC34-29AF-4042-B34F-781DE53A58DF}.Release|Any CPU.Build.0 = Release|Any CPU
	EndGlobalSection
	GlobalSection(SolutionProperties) = preSolution
		HideSolutionNode = FALSE
	EndGlobalSection
	GlobalSection(ExtensibilityGlobals) = postSolution
		SolutionGuid = {45477F86-CF14-4FE1-92E4-90B12EB07B01}
	EndGlobalSection
EndGlobal
